
Microsoft Visual Studio Solution File, Format Version 12.00
# Visual Studio 15
VisualStudioVersion = 15.0.26124.0
MinimumVisualStudioVersion = 15.0.26124.0
Project("{2150E333-8FDC-42A3-9474-1A3956D46DE8}") = "src", "src", "{315CA476-0737-45B2-BFF9-208A3C1710CE}"
EndProject
Project("{2150E333-8FDC-42A3-9474-1A3956D46DE8}") = "test", "test", "{B2647DAE-711B-48F3-BA19-A682C6582ECF}"
EndProject
Project("{9A19103F-16F7-4668-BE54-9A1E7A4F7556}") = "HyperMsg.Core", "src\HyperMsg.Core\HyperMsg.Core.csproj", "{36FED8B8-E781-4921-B5BE-9C9DC3CCDEF9}"
EndProject
Project("{9A19103F-16F7-4668-BE54-9A1E7A4F7556}") = "HyperMsg.Transciever.Tests", "test\HyperMsg.Core.Tests\HyperMsg.Transciever.Tests.csproj", "{89AD57E6-0642-4FC8-96DA-6253BD7EC49F}"
EndProject
Project("{9A19103F-16F7-4668-BE54-9A1E7A4F7556}") = "HyperMsg.Transciever", "src\HyperMsg.Transciever\HyperMsg.Transciever.csproj", "{28095222-DF2A-4D27-AB5D-CC710487CFBF}"
EndProject
Project("{9A19103F-16F7-4668-BE54-9A1E7A4F7556}") = "HyperMsg.Sockets", "src\HyperMsg.Sockets\HyperMsg.Sockets.csproj", "{2FF2C6C9-6677-47F5-B791-8732278E2790}"
EndProject
Project("{9A19103F-16F7-4668-BE54-9A1E7A4F7556}") = "HyperMsg.Socket.Tests", "test\HyperMsg.Socket.Tests\HyperMsg.Socket.Tests.csproj", "{705054C8-30E9-4AF7-B8CA-1E67D10FA429}"
EndProject
Global
	GlobalSection(SolutionConfigurationPlatforms) = preSolution
		Debug|Any CPU = Debug|Any CPU
		Debug|x64 = Debug|x64
		Debug|x86 = Debug|x86
		Release|Any CPU = Release|Any CPU
		Release|x64 = Release|x64
		Release|x86 = Release|x86
	EndGlobalSection
	GlobalSection(ProjectConfigurationPlatforms) = postSolution
		{36FED8B8-E781-4921-B5BE-9C9DC3CCDEF9}.Debug|Any CPU.ActiveCfg = Debug|Any CPU
		{36FED8B8-E781-4921-B5BE-9C9DC3CCDEF9}.Debug|Any CPU.Build.0 = Debug|Any CPU
		{36FED8B8-E781-4921-B5BE-9C9DC3CCDEF9}.Debug|x64.ActiveCfg = Debug|Any CPU
		{36FED8B8-E781-4921-B5BE-9C9DC3CCDEF9}.Debug|x64.Build.0 = Debug|Any CPU
		{36FED8B8-E781-4921-B5BE-9C9DC3CCDEF9}.Debug|x86.ActiveCfg = Debug|Any CPU
		{36FED8B8-E781-4921-B5BE-9C9DC3CCDEF9}.Debug|x86.Build.0 = Debug|Any CPU
		{36FED8B8-E781-4921-B5BE-9C9DC3CCDEF9}.Release|Any CPU.ActiveCfg = Release|Any CPU
		{36FED8B8-E781-4921-B5BE-9C9DC3CCDEF9}.Release|Any CPU.Build.0 = Release|Any CPU
		{36FED8B8-E781-4921-B5BE-9C9DC3CCDEF9}.Release|x64.ActiveCfg = Release|Any CPU
		{36FED8B8-E781-4921-B5BE-9C9DC3CCDEF9}.Release|x64.Build.0 = Release|Any CPU
		{36FED8B8-E781-4921-B5BE-9C9DC3CCDEF9}.Release|x86.ActiveCfg = Release|Any CPU
		{36FED8B8-E781-4921-B5BE-9C9DC3CCDEF9}.Release|x86.Build.0 = Release|Any CPU
		{89AD57E6-0642-4FC8-96DA-6253BD7EC49F}.Debug|Any CPU.ActiveCfg = Debug|Any CPU
		{89AD57E6-0642-4FC8-96DA-6253BD7EC49F}.Debug|Any CPU.Build.0 = Debug|Any CPU
		{89AD57E6-0642-4FC8-96DA-6253BD7EC49F}.Debug|x64.ActiveCfg = Debug|Any CPU
		{89AD57E6-0642-4FC8-96DA-6253BD7EC49F}.Debug|x64.Build.0 = Debug|Any CPU
		{89AD57E6-0642-4FC8-96DA-6253BD7EC49F}.Debug|x86.ActiveCfg = Debug|Any CPU
		{89AD57E6-0642-4FC8-96DA-6253BD7EC49F}.Debug|x86.Build.0 = Debug|Any CPU
		{89AD57E6-0642-4FC8-96DA-6253BD7EC49F}.Release|Any CPU.ActiveCfg = Release|Any CPU
		{89AD57E6-0642-4FC8-96DA-6253BD7EC49F}.Release|Any CPU.Build.0 = Release|Any CPU
		{89AD57E6-0642-4FC8-96DA-6253BD7EC49F}.Release|x64.ActiveCfg = Release|Any CPU
		{89AD57E6-0642-4FC8-96DA-6253BD7EC49F}.Release|x64.Build.0 = Release|Any CPU
		{89AD57E6-0642-4FC8-96DA-6253BD7EC49F}.Release|x86.ActiveCfg = Release|Any CPU
		{89AD57E6-0642-4FC8-96DA-6253BD7EC49F}.Release|x86.Build.0 = Release|Any CPU
		{28095222-DF2A-4D27-AB5D-CC710487CFBF}.Debug|Any CPU.ActiveCfg = Debug|Any CPU
		{28095222-DF2A-4D27-AB5D-CC710487CFBF}.Debug|Any CPU.Build.0 = Debug|Any CPU
		{28095222-DF2A-4D27-AB5D-CC710487CFBF}.Debug|x64.ActiveCfg = Debug|Any CPU
		{28095222-DF2A-4D27-AB5D-CC710487CFBF}.Debug|x64.Build.0 = Debug|Any CPU
		{28095222-DF2A-4D27-AB5D-CC710487CFBF}.Debug|x86.ActiveCfg = Debug|Any CPU
		{28095222-DF2A-4D27-AB5D-CC710487CFBF}.Debug|x86.Build.0 = Debug|Any CPU
		{28095222-DF2A-4D27-AB5D-CC710487CFBF}.Release|Any CPU.ActiveCfg = Release|Any CPU
		{28095222-DF2A-4D27-AB5D-CC710487CFBF}.Release|Any CPU.Build.0 = Release|Any CPU
		{28095222-DF2A-4D27-AB5D-CC710487CFBF}.Release|x64.ActiveCfg = Release|Any CPU
		{28095222-DF2A-4D27-AB5D-CC710487CFBF}.Release|x64.Build.0 = Release|Any CPU
		{28095222-DF2A-4D27-AB5D-CC710487CFBF}.Release|x86.ActiveCfg = Release|Any CPU
		{28095222-DF2A-4D27-AB5D-CC710487CFBF}.Release|x86.Build.0 = Release|Any CPU
		{2FF2C6C9-6677-47F5-B791-8732278E2790}.Debug|Any CPU.ActiveCfg = Debug|Any CPU
		{2FF2C6C9-6677-47F5-B791-8732278E2790}.Debug|Any CPU.Build.0 = Debug|Any CPU
		{2FF2C6C9-6677-47F5-B791-8732278E2790}.Debug|x64.ActiveCfg = Debug|Any CPU
		{2FF2C6C9-6677-47F5-B791-8732278E2790}.Debug|x64.Build.0 = Debug|Any CPU
		{2FF2C6C9-6677-47F5-B791-8732278E2790}.Debug|x86.ActiveCfg = Debug|Any CPU
		{2FF2C6C9-6677-47F5-B791-8732278E2790}.Debug|x86.Build.0 = Debug|Any CPU
		{2FF2C6C9-6677-47F5-B791-8732278E2790}.Release|Any CPU.ActiveCfg = Release|Any CPU
		{2FF2C6C9-6677-47F5-B791-8732278E2790}.Release|Any CPU.Build.0 = Release|Any CPU
		{2FF2C6C9-6677-47F5-B791-8732278E2790}.Release|x64.ActiveCfg = Release|Any CPU
		{2FF2C6C9-6677-47F5-B791-8732278E2790}.Release|x64.Build.0 = Release|Any CPU
		{2FF2C6C9-6677-47F5-B791-8732278E2790}.Release|x86.ActiveCfg = Release|Any CPU
		{2FF2C6C9-6677-47F5-B791-8732278E2790}.Release|x86.Build.0 = Release|Any CPU
		{705054C8-30E9-4AF7-B8CA-1E67D10FA429}.Debug|Any CPU.ActiveCfg = Debug|Any CPU
		{705054C8-30E9-4AF7-B8CA-1E67D10FA429}.Debug|Any CPU.Build.0 = Debug|Any CPU
		{705054C8-30E9-4AF7-B8CA-1E67D10FA429}.Debug|x64.ActiveCfg = Debug|Any CPU
		{705054C8-30E9-4AF7-B8CA-1E67D10FA429}.Debug|x64.Build.0 = Debug|Any CPU
		{705054C8-30E9-4AF7-B8CA-1E67D10FA429}.Debug|x86.ActiveCfg = Debug|Any CPU
		{705054C8-30E9-4AF7-B8CA-1E67D10FA429}.Debug|x86.Build.0 = Debug|Any CPU
		{705054C8-30E9-4AF7-B8CA-1E67D10FA429}.Release|Any CPU.ActiveCfg = Release|Any CPU
		{705054C8-30E9-4AF7-B8CA-1E67D10FA429}.Release|Any CPU.Build.0 = Release|Any CPU
		{705054C8-30E9-4AF7-B8CA-1E67D10FA429}.Release|x64.ActiveCfg = Release|Any CPU
		{705054C8-30E9-4AF7-B8CA-1E67D10FA429}.Release|x64.Build.0 = Release|Any CPU
		{705054C8-30E9-4AF7-B8CA-1E67D10FA429}.Release|x86.ActiveCfg = Release|Any CPU
		{705054C8-30E9-4AF7-B8CA-1E67D10FA429}.Release|x86.Build.0 = Release|Any CPU
	EndGlobalSection
	GlobalSection(SolutionProperties) = preSolution
		HideSolutionNode = FALSE
	EndGlobalSection
	GlobalSection(NestedProjects) = preSolution
		{36FED8B8-E781-4921-B5BE-9C9DC3CCDEF9} = {315CA476-0737-45B2-BFF9-208A3C1710CE}
		{89AD57E6-0642-4FC8-96DA-6253BD7EC49F} = {B2647DAE-711B-48F3-BA19-A682C6582ECF}
		{28095222-DF2A-4D27-AB5D-CC710487CFBF} = {315CA476-0737-45B2-BFF9-208A3C1710CE}
		{2FF2C6C9-6677-47F5-B791-8732278E2790} = {315CA476-0737-45B2-BFF9-208A3C1710CE}
		{705054C8-30E9-4AF7-B8CA-1E67D10FA429} = {B2647DAE-711B-48F3-BA19-A682C6582ECF}
	EndGlobalSection
	GlobalSection(ExtensibilityGlobals) = postSolution
		SolutionGuid = {E7B09663-8D22-4F98-A838-2AD1436F62BC}
	EndGlobalSection
EndGlobal
