
Microsoft Visual Studio Solution File, Format Version 12.00
# Visual Studio Version 17
VisualStudioVersion = 17.2.32616.157
MinimumVisualStudioVersion = 15.0.26124.0
Project("{2150E333-8FDC-42A3-9474-1A3956D46DE8}") = "src", "src", "{315CA476-0737-45B2-BFF9-208A3C1710CE}"
EndProject
Project("{2150E333-8FDC-42A3-9474-1A3956D46DE8}") = "test", "test", "{B2647DAE-711B-48F3-BA19-A682C6582ECF}"
EndProject
Project("{9A19103F-16F7-4668-BE54-9A1E7A4F7556}") = "HyperMsg.Core.Tests", "test\HyperMsg.Core.Tests\HyperMsg.Core.Tests.csproj", "{89AD57E6-0642-4FC8-96DA-6253BD7EC49F}"
EndProject
Project("{9A19103F-16F7-4668-BE54-9A1E7A4F7556}") = "HyperMsg.Core", "src\HyperMsg.Core\HyperMsg.Core.csproj", "{28095222-DF2A-4D27-AB5D-CC710487CFBF}"
EndProject
Project("{FAE04EC0-301F-11D3-BF4B-00C04F79EFBC}") = "HyperMsg.BackgroundService", "src\HyperMsg.BackgroundService\HyperMsg.BackgroundService.csproj", "{1881E0CD-DF0A-2F58-5AA7-95D2E6BD7821}"
EndProject
Project("{FAE04EC0-301F-11D3-BF4B-00C04F79EFBC}") = "HyperMsg.BackgroundService.Tests", "test\HyperMsg.BackgroundService.Tests\HyperMsg.BackgroundService.Tests.csproj", "{8627D8AC-F9D8-174A-2D6B-213C08A79D20}"
EndProject
Global
	GlobalSection(SolutionConfigurationPlatforms) = preSolution
		Debug|Any CPU = Debug|Any CPU
		Debug|x64 = Debug|x64
		Debug|x86 = Debug|x86
		Release|Any CPU = Release|Any CPU
		Release|x64 = Release|x64
		Release|x86 = Release|x86
	EndGlobalSection
	GlobalSection(ProjectConfigurationPlatforms) = postSolution
		{89AD57E6-0642-4FC8-96DA-6253BD7EC49F}.Debug|Any CPU.ActiveCfg = Debug|Any CPU
		{89AD57E6-0642-4FC8-96DA-6253BD7EC49F}.Debug|Any CPU.Build.0 = Debug|Any CPU
		{89AD57E6-0642-4FC8-96DA-6253BD7EC49F}.Debug|x64.ActiveCfg = Debug|Any CPU
		{89AD57E6-0642-4FC8-96DA-6253BD7EC49F}.Debug|x64.Build.0 = Debug|Any CPU
		{89AD57E6-0642-4FC8-96DA-6253BD7EC49F}.Debug|x86.ActiveCfg = Debug|Any CPU
		{89AD57E6-0642-4FC8-96DA-6253BD7EC49F}.Debug|x86.Build.0 = Debug|Any CPU
		{89AD57E6-0642-4FC8-96DA-6253BD7EC49F}.Release|Any CPU.ActiveCfg = Release|Any CPU
		{89AD57E6-0642-4FC8-96DA-6253BD7EC49F}.Release|Any CPU.Build.0 = Release|Any CPU
		{89AD57E6-0642-4FC8-96DA-6253BD7EC49F}.Release|x64.ActiveCfg = Release|Any CPU
		{89AD57E6-0642-4FC8-96DA-6253BD7EC49F}.Release|x64.Build.0 = Release|Any CPU
		{89AD57E6-0642-4FC8-96DA-6253BD7EC49F}.Release|x86.ActiveCfg = Release|Any CPU
		{89AD57E6-0642-4FC8-96DA-6253BD7EC49F}.Release|x86.Build.0 = Release|Any CPU
		{28095222-DF2A-4D27-AB5D-CC710487CFBF}.Debug|Any CPU.ActiveCfg = Debug|Any CPU
		{28095222-DF2A-4D27-AB5D-CC710487CFBF}.Debug|Any CPU.Build.0 = Debug|Any CPU
		{28095222-DF2A-4D27-AB5D-CC710487CFBF}.Debug|x64.ActiveCfg = Debug|Any CPU
		{28095222-DF2A-4D27-AB5D-CC710487CFBF}.Debug|x64.Build.0 = Debug|Any CPU
		{28095222-DF2A-4D27-AB5D-CC710487CFBF}.Debug|x86.ActiveCfg = Debug|Any CPU
		{28095222-DF2A-4D27-AB5D-CC710487CFBF}.Debug|x86.Build.0 = Debug|Any CPU
		{28095222-DF2A-4D27-AB5D-CC710487CFBF}.Release|Any CPU.ActiveCfg = Release|Any CPU
		{28095222-DF2A-4D27-AB5D-CC710487CFBF}.Release|Any CPU.Build.0 = Release|Any CPU
		{28095222-DF2A-4D27-AB5D-CC710487CFBF}.Release|x64.ActiveCfg = Release|Any CPU
		{28095222-DF2A-4D27-AB5D-CC710487CFBF}.Release|x64.Build.0 = Release|Any CPU
		{28095222-DF2A-4D27-AB5D-CC710487CFBF}.Release|x86.ActiveCfg = Release|Any CPU
		{28095222-DF2A-4D27-AB5D-CC710487CFBF}.Release|x86.Build.0 = Release|Any CPU
		{1881E0CD-DF0A-2F58-5AA7-95D2E6BD7821}.Debug|Any CPU.ActiveCfg = Debug|Any CPU
		{1881E0CD-DF0A-2F58-5AA7-95D2E6BD7821}.Debug|Any CPU.Build.0 = Debug|Any CPU
		{1881E0CD-DF0A-2F58-5AA7-95D2E6BD7821}.Debug|x64.ActiveCfg = Debug|Any CPU
		{1881E0CD-DF0A-2F58-5AA7-95D2E6BD7821}.Debug|x64.Build.0 = Debug|Any CPU
		{1881E0CD-DF0A-2F58-5AA7-95D2E6BD7821}.Debug|x86.ActiveCfg = Debug|Any CPU
		{1881E0CD-DF0A-2F58-5AA7-95D2E6BD7821}.Debug|x86.Build.0 = Debug|Any CPU
		{1881E0CD-DF0A-2F58-5AA7-95D2E6BD7821}.Release|Any CPU.ActiveCfg = Release|Any CPU
		{1881E0CD-DF0A-2F58-5AA7-95D2E6BD7821}.Release|Any CPU.Build.0 = Release|Any CPU
		{1881E0CD-DF0A-2F58-5AA7-95D2E6BD7821}.Release|x64.ActiveCfg = Release|Any CPU
		{1881E0CD-DF0A-2F58-5AA7-95D2E6BD7821}.Release|x64.Build.0 = Release|Any CPU
		{1881E0CD-DF0A-2F58-5AA7-95D2E6BD7821}.Release|x86.ActiveCfg = Release|Any CPU
		{1881E0CD-DF0A-2F58-5AA7-95D2E6BD7821}.Release|x86.Build.0 = Release|Any CPU
		{8627D8AC-F9D8-174A-2D6B-213C08A79D20}.Debug|Any CPU.ActiveCfg = Debug|Any CPU
		{8627D8AC-F9D8-174A-2D6B-213C08A79D20}.Debug|Any CPU.Build.0 = Debug|Any CPU
		{8627D8AC-F9D8-174A-2D6B-213C08A79D20}.Debug|x64.ActiveCfg = Debug|Any CPU
		{8627D8AC-F9D8-174A-2D6B-213C08A79D20}.Debug|x64.Build.0 = Debug|Any CPU
		{8627D8AC-F9D8-174A-2D6B-213C08A79D20}.Debug|x86.ActiveCfg = Debug|Any CPU
		{8627D8AC-F9D8-174A-2D6B-213C08A79D20}.Debug|x86.Build.0 = Debug|Any CPU
		{8627D8AC-F9D8-174A-2D6B-213C08A79D20}.Release|Any CPU.ActiveCfg = Release|Any CPU
		{8627D8AC-F9D8-174A-2D6B-213C08A79D20}.Release|Any CPU.Build.0 = Release|Any CPU
		{8627D8AC-F9D8-174A-2D6B-213C08A79D20}.Release|x64.ActiveCfg = Release|Any CPU
		{8627D8AC-F9D8-174A-2D6B-213C08A79D20}.Release|x64.Build.0 = Release|Any CPU
		{8627D8AC-F9D8-174A-2D6B-213C08A79D20}.Release|x86.ActiveCfg = Release|Any CPU
		{8627D8AC-F9D8-174A-2D6B-213C08A79D20}.Release|x86.Build.0 = Release|Any CPU
	EndGlobalSection
	GlobalSection(SolutionProperties) = preSolution
		HideSolutionNode = FALSE
	EndGlobalSection
	GlobalSection(NestedProjects) = preSolution
		{89AD57E6-0642-4FC8-96DA-6253BD7EC49F} = {B2647DAE-711B-48F3-BA19-A682C6582ECF}
		{28095222-DF2A-4D27-AB5D-CC710487CFBF} = {315CA476-0737-45B2-BFF9-208A3C1710CE}
		{1881E0CD-DF0A-2F58-5AA7-95D2E6BD7821} = {315CA476-0737-45B2-BFF9-208A3C1710CE}
		{8627D8AC-F9D8-174A-2D6B-213C08A79D20} = {B2647DAE-711B-48F3-BA19-A682C6582ECF}
	EndGlobalSection
	GlobalSection(ExtensibilityGlobals) = postSolution
		SolutionGuid = {E7B09663-8D22-4F98-A838-2AD1436F62BC}
	EndGlobalSection
EndGlobal
